
Microsoft Visual Studio Solution File, Format Version 12.00
# Visual Studio Version 16
VisualStudioVersion = 16.0.29926.136
MinimumVisualStudioVersion = 10.0.40219.1
Project("{FAE04EC0-301F-11D3-BF4B-00C04F79EFBC}") = "Api.WebAPi", "Api.WebAPi\Api.WebAPi.csproj", "{30B8D75F-12C2-460D-B510-ECC2F2D1D48B}"
EndProject
Global
	GlobalSection(SolutionConfigurationPlatforms) = preSolution
		Debug|Any CPU = Debug|Any CPU
		Release|Any CPU = Release|Any CPU
	EndGlobalSection
	GlobalSection(ProjectConfigurationPlatforms) = postSolution
		{30B8D75F-12C2-460D-B510-ECC2F2D1D48B}.Debug|Any CPU.ActiveCfg = Debug|Any CPU
		{30B8D75F-12C2-460D-B510-ECC2F2D1D48B}.Debug|Any CPU.Build.0 = Debug|Any CPU
		{30B8D75F-12C2-460D-B510-ECC2F2D1D48B}.Release|Any CPU.ActiveCfg = Release|Any CPU
		{30B8D75F-12C2-460D-B510-ECC2F2D1D48B}.Release|Any CPU.Build.0 = Release|Any CPU
	EndGlobalSection
	GlobalSection(SolutionProperties) = preSolution
		HideSolutionNode = FALSE
	EndGlobalSection
	GlobalSection(ExtensibilityGlobals) = postSolution
		SolutionGuid = {34F6FD64-507C-40EE-85B8-36874A0D5A81}
	EndGlobalSection
EndGlobal
